Microsoft Visual Studio Solution File, Format Version 12.00
# Visual Studio Version 17
VisualStudioVersion = 17.5.2.0
MinimumVisualStudioVersion = 10.0.40219.1
Project("{2150E333-8FDC-42A3-9474-1A3956D46DE8}") = "QuizApp", "QuizApp", "{BCBC27D6-7AF9-048A-4090-58D8F327463C}"
EndProject
Project("{FAE04EC0-301F-11D3-BF4B-00C04F79EFBC}") = "QuizApp", "QuizApp\QuizApp\QuizApp.csproj", "{06DE8B96-F20A-A467-6D7B-B6FF54201146}"
EndProject
Global
	GlobalSection(SolutionConfigurationPlatforms) = preSolution
		Debug|Any CPU = Debug|Any CPU
		Release|Any CPU = Release|Any CPU
	EndGlobalSection
	GlobalSection(ProjectConfigurationPlatforms) = postSolution
		{06DE8B96-F20A-A467-6D7B-B6FF54201146}.Debug|Any CPU.ActiveCfg = Debug|Any CPU
		{06DE8B96-F20A-A467-6D7B-B6FF54201146}.Debug|Any CPU.Build.0 = Debug|Any CPU
		{06DE8B96-F20A-A467-6D7B-B6FF54201146}.Release|Any CPU.ActiveCfg = Release|Any CPU
		{06DE8B96-F20A-A467-6D7B-B6FF54201146}.Release|Any CPU.Build.0 = Release|Any CPU
	EndGlobalSection
	GlobalSection(SolutionProperties) = preSolution
		HideSolutionNode = FALSE
	EndGlobalSection
	GlobalSection(NestedProjects) = preSolution
		{06DE8B96-F20A-A467-6D7B-B6FF54201146} = {BCBC27D6-7AF9-048A-4090-58D8F327463C}
	EndGlobalSection
	GlobalSection(ExtensibilityGlobals) = postSolution
		SolutionGuid = {4E8816D1-D7F5-4BE1-8819-1C9B28A1128F}
	EndGlobalSection
EndGlobal
